
Microsoft Visual Studio Solution File, Format Version 12.00
# Visual Studio 15
Project("{FAE04EC0-301F-11D3-BF4B-00C04F79EFBC}") = "Assembly-CSharp", "Assembly-CSharp.csproj", "{E5CC6D04-6210-E9CE-98E4-4DF067CD08CA}"
EndProject
Project("{FAE04EC0-301F-11D3-BF4B-00C04F79EFBC}") = "Assembly-CSharp-Editor", "Assembly-CSharp-Editor.csproj", "{67533EBD-E8E3-805D-E231-A4DDED9C28E3}"
EndProject
Global
	GlobalSection(SolutionConfigurationPlatforms) = preSolution
		Debug|Any CPU = Debug|Any CPU
		Release|Any CPU = Release|Any CPU
	EndGlobalSection
	GlobalSection(ProjectConfigurationPlatforms) = postSolution
		{E5CC6D04-6210-E9CE-98E4-4DF067CD08CA}.Debug|Any CPU.ActiveCfg = Debug|Any CPU
		{E5CC6D04-6210-E9CE-98E4-4DF067CD08CA}.Debug|Any CPU.Build.0 = Debug|Any CPU
		{E5CC6D04-6210-E9CE-98E4-4DF067CD08CA}.Release|Any CPU.ActiveCfg = Release|Any CPU
		{E5CC6D04-6210-E9CE-98E4-4DF067CD08CA}.Release|Any CPU.Build.0 = Release|Any CPU
		{67533EBD-E8E3-805D-E231-A4DDED9C28E3}.Debug|Any CPU.ActiveCfg = Debug|Any CPU
		{67533EBD-E8E3-805D-E231-A4DDED9C28E3}.Debug|Any CPU.Build.0 = Debug|Any CPU
		{67533EBD-E8E3-805D-E231-A4DDED9C28E3}.Release|Any CPU.ActiveCfg = Release|Any CPU
		{67533EBD-E8E3-805D-E231-A4DDED9C28E3}.Release|Any CPU.Build.0 = Release|Any CPU
	EndGlobalSection
	GlobalSection(SolutionProperties) = preSolution
		HideSolutionNode = FALSE
	EndGlobalSection
EndGlobal
